
Microsoft Visual Studio Solution File, Format Version 12.00
# Visual Studio Version 17
VisualStudioVersion = 17.14.36623.8 d17.14
MinimumVisualStudioVersion = 10.0.40219.1
Project("{FAE04EC0-301F-11D3-BF4B-00C04F79EFBC}") = "WebApplication_sixteen-clothing", "WebApplication_sixteen-clothing.csproj", "{3F578895-540B-43AF-868D-33550D4352AF}"
EndProject
Global
	GlobalSection(SolutionConfigurationPlatforms) = preSolution
		Debug|Any CPU = Debug|Any CPU
		Release|Any CPU = Release|Any CPU
	EndGlobalSection
	GlobalSection(ProjectConfigurationPlatforms) = postSolution
		{3F578895-540B-43AF-868D-33550D4352AF}.Debug|Any CPU.ActiveCfg = Debug|Any CPU
		{3F578895-540B-43AF-868D-33550D4352AF}.Debug|Any CPU.Build.0 = Debug|Any CPU
		{3F578895-540B-43AF-868D-33550D4352AF}.Release|Any CPU.ActiveCfg = Release|Any CPU
		{3F578895-540B-43AF-868D-33550D4352AF}.Release|Any CPU.Build.0 = Release|Any CPU
	EndGlobalSection
	GlobalSection(SolutionProperties) = preSolution
		HideSolutionNode = FALSE
	EndGlobalSection
	GlobalSection(ExtensibilityGlobals) = postSolution
		SolutionGuid = {690F5A01-9AC8-4C78-AF3F-0CBD6A9CC30E}
	EndGlobalSection
EndGlobal
